
Microsoft Visual Studio Solution File, Format Version 12.00
# Visual Studio Version 17
VisualStudioVersion = 17.5.33530.505
MinimumVisualStudioVersion = 10.0.40219.1
Project("{FAE04EC0-301F-11D3-BF4B-00C04F79EFBC}") = "MegaDesk-Beck", "MegaDesk-Beck\MegaDesk-Beck.csproj", "{37BB02E1-F3E2-4FC4-99C2-43838B32C384}"
EndProject
Global
	GlobalSection(SolutionConfigurationPlatforms) = preSolution
		Debug|Any CPU = Debug|Any CPU
		Release|Any CPU = Release|Any CPU
	EndGlobalSection
	GlobalSection(ProjectConfigurationPlatforms) = postSolution
		{37BB02E1-F3E2-4FC4-99C2-43838B32C384}.Debug|Any CPU.ActiveCfg = Debug|Any CPU
		{37BB02E1-F3E2-4FC4-99C2-43838B32C384}.Debug|Any CPU.Build.0 = Debug|Any CPU
		{37BB02E1-F3E2-4FC4-99C2-43838B32C384}.Release|Any CPU.ActiveCfg = Release|Any CPU
		{37BB02E1-F3E2-4FC4-99C2-43838B32C384}.Release|Any CPU.Build.0 = Release|Any CPU
	EndGlobalSection
	GlobalSection(SolutionProperties) = preSolution
		HideSolutionNode = FALSE
	EndGlobalSection
	GlobalSection(ExtensibilityGlobals) = postSolution
		SolutionGuid = {0BD6B4F6-49ED-43DC-B949-54C185B7EB8A}
	EndGlobalSection
EndGlobal
